
Microsoft Visual Studio Solution File, Format Version 12.00
# Visual Studio 15
VisualStudioVersion = 15.0.27703.2035
MinimumVisualStudioVersion = 10.0.40219.1
Project("{2150E333-8FDC-42A3-9474-1A3956D46DE8}") = "SfdcMobileSDK", "SfdcMobileSDK", "{04FFB03E-0EA2-413B-A766-FE4432E039C0}"
EndProject
Project("{FAE04EC0-301F-11D3-BF4B-00C04F79EFBC}") = "Salesforce.SDK.App", "Salesforce.SDK.App\Salesforce.SDK.App.csproj", "{7BFEF23D-1F0B-4A0F-86E2-FD299F3E9E20}"
	ProjectSection(ProjectDependencies) = postProject
		{9294B61E-C58B-4F47-8EBF-30C773509EF0} = {9294B61E-C58B-4F47-8EBF-30C773509EF0}
	EndProjectSection
EndProject
Project("{FAE04EC0-301F-11D3-BF4B-00C04F79EFBC}") = "Salesforce.SDK.Core", "Salesforce.SDK.Core\Salesforce.SDK.Core.csproj", "{9294B61E-C58B-4F47-8EBF-30C773509EF0}"
EndProject
Project("{FAE04EC0-301F-11D3-BF4B-00C04F79EFBC}") = "Salesforce.SDK.SmartStore", "Salesforce.SDK.SmartStore\Salesforce.SDK.SmartStore.csproj", "{2E653FA6-5C65-4E39-8478-DF60131C4FFC}"
	ProjectSection(ProjectDependencies) = postProject
		{9294B61E-C58B-4F47-8EBF-30C773509EF0} = {9294B61E-C58B-4F47-8EBF-30C773509EF0}
	EndProjectSection
EndProject
Project("{FAE04EC0-301F-11D3-BF4B-00C04F79EFBC}") = "Salesforce.SDK.SmartSync", "Salesforce.SDK.SmartSync\Salesforce.SDK.SmartSync.csproj", "{C45CF658-BC2A-4833-9117-04FA96842B6F}"
	ProjectSection(ProjectDependencies) = postProject
		{9294B61E-C58B-4F47-8EBF-30C773509EF0} = {9294B61E-C58B-4F47-8EBF-30C773509EF0}
		{2E653FA6-5C65-4E39-8478-DF60131C4FFC} = {2E653FA6-5C65-4E39-8478-DF60131C4FFC}
	EndProjectSection
EndProject
Project("{FAE04EC0-301F-11D3-BF4B-00C04F79EFBC}") = "Salesforce.SDK.Store", "Salesforce.SDK.Store\Salesforce.SDK.Store.csproj", "{CF6BB03B-7319-4F5B-9D3F-00D63C755C6D}"
	ProjectSection(ProjectDependencies) = postProject
		{9294B61E-C58B-4F47-8EBF-30C773509EF0} = {9294B61E-C58B-4F47-8EBF-30C773509EF0}
		{7BFEF23D-1F0B-4A0F-86E2-FD299F3E9E20} = {7BFEF23D-1F0B-4A0F-86E2-FD299F3E9E20}
	EndProjectSection
EndProject
Project("{FAE04EC0-301F-11D3-BF4B-00C04F79EFBC}") = "DSA.Common", "DSA.Common\DSA.Common.csproj", "{373D9E93-B138-49BA-BB56-4EB53ED32DB0}"
EndProject
Project("{FAE04EC0-301F-11D3-BF4B-00C04F79EFBC}") = "DSA.Data", "DSA.Data\DSA.Data.csproj", "{26CA2969-431F-4EFB-873A-4FABFABC7880}"
EndProject
Project("{FAE04EC0-301F-11D3-BF4B-00C04F79EFBC}") = "DSA.Model", "DSA.Model\DSA.Model.csproj", "{E3EFB827-B073-41A7-AD3F-2D1C74974060}"
EndProject
Project("{FAE04EC0-301F-11D3-BF4B-00C04F79EFBC}") = "DSA.Sfdc", "DSA.Sfdc\DSA.Sfdc.csproj", "{55808AF4-465F-49C0-976A-1219EDC10269}"
	ProjectSection(ProjectDependencies) = postProject
		{9294B61E-C58B-4F47-8EBF-30C773509EF0} = {9294B61E-C58B-4F47-8EBF-30C773509EF0}
		{E3EFB827-B073-41A7-AD3F-2D1C74974060} = {E3EFB827-B073-41A7-AD3F-2D1C74974060}
		{C45CF658-BC2A-4833-9117-04FA96842B6F} = {C45CF658-BC2A-4833-9117-04FA96842B6F}
		{373D9E93-B138-49BA-BB56-4EB53ED32DB0} = {373D9E93-B138-49BA-BB56-4EB53ED32DB0}
		{2E653FA6-5C65-4E39-8478-DF60131C4FFC} = {2E653FA6-5C65-4E39-8478-DF60131C4FFC}
	EndProjectSection
EndProject
Project("{FAE04EC0-301F-11D3-BF4B-00C04F79EFBC}") = "DSA.Shell", "DSA\DSA.Shell.csproj", "{A0025E76-E6F2-49E1-8732-19603A5CECD8}"
EndProject
Project("{8BC9CEB8-8B4A-11D0-8D11-00A0C91BC942}") = "PdfViewModel", "PdfViewModel\PdfViewModel.vcxproj", "{17AF241C-AD03-4BF2-9D16-AB0277691C46}"
EndProject
Global
	GlobalSection(SolutionConfigurationPlatforms) = preSolution
		Debug|Any CPU = Debug|Any CPU
		Debug|ARM = Debug|ARM
		Debug|x64 = Debug|x64
		Debug|x86 = Debug|x86
		Release|Any CPU = Release|Any CPU
		Release|ARM = Release|ARM
		Release|x64 = Release|x64
		Release|x86 = Release|x86
	EndGlobalSection
	GlobalSection(ProjectConfigurationPlatforms) = postSolution
		{7BFEF23D-1F0B-4A0F-86E2-FD299F3E9E20}.Debug|Any CPU.ActiveCfg = Debug|Any CPU
		{7BFEF23D-1F0B-4A0F-86E2-FD299F3E9E20}.Debug|Any CPU.Build.0 = Debug|Any CPU
		{7BFEF23D-1F0B-4A0F-86E2-FD299F3E9E20}.Debug|ARM.ActiveCfg = Debug|ARM
		{7BFEF23D-1F0B-4A0F-86E2-FD299F3E9E20}.Debug|ARM.Build.0 = Debug|ARM
		{7BFEF23D-1F0B-4A0F-86E2-FD299F3E9E20}.Debug|x64.ActiveCfg = Debug|x64
		{7BFEF23D-1F0B-4A0F-86E2-FD299F3E9E20}.Debug|x64.Build.0 = Debug|x64
		{7BFEF23D-1F0B-4A0F-86E2-FD299F3E9E20}.Debug|x86.ActiveCfg = Debug|x86
		{7BFEF23D-1F0B-4A0F-86E2-FD299F3E9E20}.Debug|x86.Build.0 = Debug|x86
		{7BFEF23D-1F0B-4A0F-86E2-FD299F3E9E20}.Release|Any CPU.ActiveCfg = Release|Any CPU
		{7BFEF23D-1F0B-4A0F-86E2-FD299F3E9E20}.Release|Any CPU.Build.0 = Release|Any CPU
		{7BFEF23D-1F0B-4A0F-86E2-FD299F3E9E20}.Release|ARM.ActiveCfg = Release|ARM
		{7BFEF23D-1F0B-4A0F-86E2-FD299F3E9E20}.Release|ARM.Build.0 = Release|ARM
		{7BFEF23D-1F0B-4A0F-86E2-FD299F3E9E20}.Release|x64.ActiveCfg = Release|x64
		{7BFEF23D-1F0B-4A0F-86E2-FD299F3E9E20}.Release|x64.Build.0 = Release|x64
		{7BFEF23D-1F0B-4A0F-86E2-FD299F3E9E20}.Release|x86.ActiveCfg = Release|x86
		{7BFEF23D-1F0B-4A0F-86E2-FD299F3E9E20}.Release|x86.Build.0 = Release|x86
		{9294B61E-C58B-4F47-8EBF-30C773509EF0}.Debug|Any CPU.ActiveCfg = Debug|Any CPU
		{9294B61E-C58B-4F47-8EBF-30C773509EF0}.Debug|Any CPU.Build.0 = Debug|Any CPU
		{9294B61E-C58B-4F47-8EBF-30C773509EF0}.Debug|ARM.ActiveCfg = Debug|ARM
		{9294B61E-C58B-4F47-8EBF-30C773509EF0}.Debug|ARM.Build.0 = Debug|ARM
		{9294B61E-C58B-4F47-8EBF-30C773509EF0}.Debug|x64.ActiveCfg = Debug|x64
		{9294B61E-C58B-4F47-8EBF-30C773509EF0}.Debug|x64.Build.0 = Debug|x64
		{9294B61E-C58B-4F47-8EBF-30C773509EF0}.Debug|x86.ActiveCfg = Debug|x86
		{9294B61E-C58B-4F47-8EBF-30C773509EF0}.Debug|x86.Build.0 = Debug|x86
		{9294B61E-C58B-4F47-8EBF-30C773509EF0}.Release|Any CPU.ActiveCfg = Release|Any CPU
		{9294B61E-C58B-4F47-8EBF-30C773509EF0}.Release|Any CPU.Build.0 = Release|Any CPU
		{9294B61E-C58B-4F47-8EBF-30C773509EF0}.Release|ARM.ActiveCfg = Release|ARM
		{9294B61E-C58B-4F47-8EBF-30C773509EF0}.Release|ARM.Build.0 = Release|ARM
		{9294B61E-C58B-4F47-8EBF-30C773509EF0}.Release|x64.ActiveCfg = Release|x64
		{9294B61E-C58B-4F47-8EBF-30C773509EF0}.Release|x64.Build.0 = Release|x64
		{9294B61E-C58B-4F47-8EBF-30C773509EF0}.Release|x86.ActiveCfg = Release|x86
		{9294B61E-C58B-4F47-8EBF-30C773509EF0}.Release|x86.Build.0 = Release|x86
		{2E653FA6-5C65-4E39-8478-DF60131C4FFC}.Debug|Any CPU.ActiveCfg = Debug|Any CPU
		{2E653FA6-5C65-4E39-8478-DF60131C4FFC}.Debug|Any CPU.Build.0 = Debug|Any CPU
		{2E653FA6-5C65-4E39-8478-DF60131C4FFC}.Debug|ARM.ActiveCfg = Debug|ARM
		{2E653FA6-5C65-4E39-8478-DF60131C4FFC}.Debug|ARM.Build.0 = Debug|ARM
		{2E653FA6-5C65-4E39-8478-DF60131C4FFC}.Debug|x64.ActiveCfg = Debug|x64
		{2E653FA6-5C65-4E39-8478-DF60131C4FFC}.Debug|x64.Build.0 = Debug|x64
		{2E653FA6-5C65-4E39-8478-DF60131C4FFC}.Debug|x86.ActiveCfg = Debug|x86
		{2E653FA6-5C65-4E39-8478-DF60131C4FFC}.Debug|x86.Build.0 = Debug|x86
		{2E653FA6-5C65-4E39-8478-DF60131C4FFC}.Release|Any CPU.ActiveCfg = Release|Any CPU
		{2E653FA6-5C65-4E39-8478-DF60131C4FFC}.Release|Any CPU.Build.0 = Release|Any CPU
		{2E653FA6-5C65-4E39-8478-DF60131C4FFC}.Release|ARM.ActiveCfg = Release|ARM
		{2E653FA6-5C65-4E39-8478-DF60131C4FFC}.Release|ARM.Build.0 = Release|ARM
		{2E653FA6-5C65-4E39-8478-DF60131C4FFC}.Release|x64.ActiveCfg = Release|x64
		{2E653FA6-5C65-4E39-8478-DF60131C4FFC}.Release|x64.Build.0 = Release|x64
		{2E653FA6-5C65-4E39-8478-DF60131C4FFC}.Release|x86.ActiveCfg = Release|x86
		{2E653FA6-5C65-4E39-8478-DF60131C4FFC}.Release|x86.Build.0 = Release|x86
		{C45CF658-BC2A-4833-9117-04FA96842B6F}.Debug|Any CPU.ActiveCfg = Debug|Any CPU
		{C45CF658-BC2A-4833-9117-04FA96842B6F}.Debug|Any CPU.Build.0 = Debug|Any CPU
		{C45CF658-BC2A-4833-9117-04FA96842B6F}.Debug|ARM.ActiveCfg = Debug|ARM
		{C45CF658-BC2A-4833-9117-04FA96842B6F}.Debug|ARM.Build.0 = Debug|ARM
		{C45CF658-BC2A-4833-9117-04FA96842B6F}.Debug|x64.ActiveCfg = Debug|x64
		{C45CF658-BC2A-4833-9117-04FA96842B6F}.Debug|x64.Build.0 = Debug|x64
		{C45CF658-BC2A-4833-9117-04FA96842B6F}.Debug|x86.ActiveCfg = Debug|x86
		{C45CF658-BC2A-4833-9117-04FA96842B6F}.Debug|x86.Build.0 = Debug|x86
		{C45CF658-BC2A-4833-9117-04FA96842B6F}.Release|Any CPU.ActiveCfg = Release|Any CPU
		{C45CF658-BC2A-4833-9117-04FA96842B6F}.Release|Any CPU.Build.0 = Release|Any CPU
		{C45CF658-BC2A-4833-9117-04FA96842B6F}.Release|ARM.ActiveCfg = Release|ARM
		{C45CF658-BC2A-4833-9117-04FA96842B6F}.Release|ARM.Build.0 = Release|ARM
		{C45CF658-BC2A-4833-9117-04FA96842B6F}.Release|x64.ActiveCfg = Release|x64
		{C45CF658-BC2A-4833-9117-04FA96842B6F}.Release|x64.Build.0 = Release|x64
		{C45CF658-BC2A-4833-9117-04FA96842B6F}.Release|x86.ActiveCfg = Release|x86
		{C45CF658-BC2A-4833-9117-04FA96842B6F}.Release|x86.Build.0 = Release|x86
		{CF6BB03B-7319-4F5B-9D3F-00D63C755C6D}.Debug|Any CPU.ActiveCfg = Debug|Any CPU
		{CF6BB03B-7319-4F5B-9D3F-00D63C755C6D}.Debug|Any CPU.Build.0 = Debug|Any CPU
		{CF6BB03B-7319-4F5B-9D3F-00D63C755C6D}.Debug|ARM.ActiveCfg = Debug|ARM
		{CF6BB03B-7319-4F5B-9D3F-00D63C755C6D}.Debug|ARM.Build.0 = Debug|ARM
		{CF6BB03B-7319-4F5B-9D3F-00D63C755C6D}.Debug|x64.ActiveCfg = Debug|x64
		{CF6BB03B-7319-4F5B-9D3F-00D63C755C6D}.Debug|x64.Build.0 = Debug|x64
		{CF6BB03B-7319-4F5B-9D3F-00D63C755C6D}.Debug|x86.ActiveCfg = Debug|x86
		{CF6BB03B-7319-4F5B-9D3F-00D63C755C6D}.Debug|x86.Build.0 = Debug|x86
		{CF6BB03B-7319-4F5B-9D3F-00D63C755C6D}.Release|Any CPU.ActiveCfg = Release|Any CPU
		{CF6BB03B-7319-4F5B-9D3F-00D63C755C6D}.Release|Any CPU.Build.0 = Release|Any CPU
		{CF6BB03B-7319-4F5B-9D3F-00D63C755C6D}.Release|ARM.ActiveCfg = Release|ARM
		{CF6BB03B-7319-4F5B-9D3F-00D63C755C6D}.Release|ARM.Build.0 = Release|ARM
		{CF6BB03B-7319-4F5B-9D3F-00D63C755C6D}.Release|x64.ActiveCfg = Release|x64
		{CF6BB03B-7319-4F5B-9D3F-00D63C755C6D}.Release|x64.Build.0 = Release|x64
		{CF6BB03B-7319-4F5B-9D3F-00D63C755C6D}.Release|x86.ActiveCfg = Release|x86
		{CF6BB03B-7319-4F5B-9D3F-00D63C755C6D}.Release|x86.Build.0 = Release|x86
		{373D9E93-B138-49BA-BB56-4EB53ED32DB0}.Debug|Any CPU.ActiveCfg = Debug|Any CPU
		{373D9E93-B138-49BA-BB56-4EB53ED32DB0}.Debug|Any CPU.Build.0 = Debug|Any CPU
		{373D9E93-B138-49BA-BB56-4EB53ED32DB0}.Debug|ARM.ActiveCfg = Debug|ARM
		{373D9E93-B138-49BA-BB56-4EB53ED32DB0}.Debug|ARM.Build.0 = Debug|ARM
		{373D9E93-B138-49BA-BB56-4EB53ED32DB0}.Debug|x64.ActiveCfg = Debug|x64
		{373D9E93-B138-49BA-BB56-4EB53ED32DB0}.Debug|x64.Build.0 = Debug|x64
		{373D9E93-B138-49BA-BB56-4EB53ED32DB0}.Debug|x86.ActiveCfg = Debug|x86
		{373D9E93-B138-49BA-BB56-4EB53ED32DB0}.Debug|x86.Build.0 = Debug|x86
		{373D9E93-B138-49BA-BB56-4EB53ED32DB0}.Release|Any CPU.ActiveCfg = Release|Any CPU
		{373D9E93-B138-49BA-BB56-4EB53ED32DB0}.Release|Any CPU.Build.0 = Release|Any CPU
		{373D9E93-B138-49BA-BB56-4EB53ED32DB0}.Release|ARM.ActiveCfg = Release|ARM
		{373D9E93-B138-49BA-BB56-4EB53ED32DB0}.Release|ARM.Build.0 = Release|ARM
		{373D9E93-B138-49BA-BB56-4EB53ED32DB0}.Release|x64.ActiveCfg = Release|x64
		{373D9E93-B138-49BA-BB56-4EB53ED32DB0}.Release|x64.Build.0 = Release|x64
		{373D9E93-B138-49BA-BB56-4EB53ED32DB0}.Release|x86.ActiveCfg = Release|x86
		{373D9E93-B138-49BA-BB56-4EB53ED32DB0}.Release|x86.Build.0 = Release|x86
		{26CA2969-431F-4EFB-873A-4FABFABC7880}.Debug|Any CPU.ActiveCfg = Debug|Any CPU
		{26CA2969-431F-4EFB-873A-4FABFABC7880}.Debug|Any CPU.Build.0 = Debug|Any CPU
		{26CA2969-431F-4EFB-873A-4FABFABC7880}.Debug|ARM.ActiveCfg = Debug|ARM
		{26CA2969-431F-4EFB-873A-4FABFABC7880}.Debug|ARM.Build.0 = Debug|ARM
		{26CA2969-431F-4EFB-873A-4FABFABC7880}.Debug|x64.ActiveCfg = Debug|x64
		{26CA2969-431F-4EFB-873A-4FABFABC7880}.Debug|x64.Build.0 = Debug|x64
		{26CA2969-431F-4EFB-873A-4FABFABC7880}.Debug|x86.ActiveCfg = Debug|x86
		{26CA2969-431F-4EFB-873A-4FABFABC7880}.Debug|x86.Build.0 = Debug|x86
		{26CA2969-431F-4EFB-873A-4FABFABC7880}.Release|Any CPU.ActiveCfg = Release|Any CPU
		{26CA2969-431F-4EFB-873A-4FABFABC7880}.Release|Any CPU.Build.0 = Release|Any CPU
		{26CA2969-431F-4EFB-873A-4FABFABC7880}.Release|ARM.ActiveCfg = Release|ARM
		{26CA2969-431F-4EFB-873A-4FABFABC7880}.Release|ARM.Build.0 = Release|ARM
		{26CA2969-431F-4EFB-873A-4FABFABC7880}.Release|x64.ActiveCfg = Release|x64
		{26CA2969-431F-4EFB-873A-4FABFABC7880}.Release|x64.Build.0 = Release|x64
		{26CA2969-431F-4EFB-873A-4FABFABC7880}.Release|x86.ActiveCfg = Release|x86
		{26CA2969-431F-4EFB-873A-4FABFABC7880}.Release|x86.Build.0 = Release|x86
		{E3EFB827-B073-41A7-AD3F-2D1C74974060}.Debug|Any CPU.ActiveCfg = Debug|Any CPU
		{E3EFB827-B073-41A7-AD3F-2D1C74974060}.Debug|Any CPU.Build.0 = Debug|Any CPU
		{E3EFB827-B073-41A7-AD3F-2D1C74974060}.Debug|ARM.ActiveCfg = Debug|ARM
		{E3EFB827-B073-41A7-AD3F-2D1C74974060}.Debug|ARM.Build.0 = Debug|ARM
		{E3EFB827-B073-41A7-AD3F-2D1C74974060}.Debug|x64.ActiveCfg = Debug|x64
		{E3EFB827-B073-41A7-AD3F-2D1C74974060}.Debug|x64.Build.0 = Debug|x64
		{E3EFB827-B073-41A7-AD3F-2D1C74974060}.Debug|x86.ActiveCfg = Debug|x86
		{E3EFB827-B073-41A7-AD3F-2D1C74974060}.Debug|x86.Build.0 = Debug|x86
		{E3EFB827-B073-41A7-AD3F-2D1C74974060}.Release|Any CPU.ActiveCfg = Release|Any CPU
		{E3EFB827-B073-41A7-AD3F-2D1C74974060}.Release|Any CPU.Build.0 = Release|Any CPU
		{E3EFB827-B073-41A7-AD3F-2D1C74974060}.Release|ARM.ActiveCfg = Release|ARM
		{E3EFB827-B073-41A7-AD3F-2D1C74974060}.Release|ARM.Build.0 = Release|ARM
		{E3EFB827-B073-41A7-AD3F-2D1C74974060}.Release|x64.ActiveCfg = Release|x64
		{E3EFB827-B073-41A7-AD3F-2D1C74974060}.Release|x64.Build.0 = Release|x64
		{E3EFB827-B073-41A7-AD3F-2D1C74974060}.Release|x86.ActiveCfg = Release|x86
		{E3EFB827-B073-41A7-AD3F-2D1C74974060}.Release|x86.Build.0 = Release|x86
		{55808AF4-465F-49C0-976A-1219EDC10269}.Debug|Any CPU.ActiveCfg = Debug|Any CPU
		{55808AF4-465F-49C0-976A-1219EDC10269}.Debug|Any CPU.Build.0 = Debug|Any CPU
		{55808AF4-465F-49C0-976A-1219EDC10269}.Debug|ARM.ActiveCfg = Debug|ARM
		{55808AF4-465F-49C0-976A-1219EDC10269}.Debug|ARM.Build.0 = Debug|ARM
		{55808AF4-465F-49C0-976A-1219EDC10269}.Debug|x64.ActiveCfg = Debug|x64
		{55808AF4-465F-49C0-976A-1219EDC10269}.Debug|x64.Build.0 = Debug|x64
		{55808AF4-465F-49C0-976A-1219EDC10269}.Debug|x86.ActiveCfg = Debug|x86
		{55808AF4-465F-49C0-976A-1219EDC10269}.Debug|x86.Build.0 = Debug|x86
		{55808AF4-465F-49C0-976A-1219EDC10269}.Release|Any CPU.ActiveCfg = Release|Any CPU
		{55808AF4-465F-49C0-976A-1219EDC10269}.Release|Any CPU.Build.0 = Release|Any CPU
		{55808AF4-465F-49C0-976A-1219EDC10269}.Release|ARM.ActiveCfg = Release|ARM
		{55808AF4-465F-49C0-976A-1219EDC10269}.Release|ARM.Build.0 = Release|ARM
		{55808AF4-465F-49C0-976A-1219EDC10269}.Release|x64.ActiveCfg = Release|x64
		{55808AF4-465F-49C0-976A-1219EDC10269}.Release|x64.Build.0 = Release|x64
		{55808AF4-465F-49C0-976A-1219EDC10269}.Release|x86.ActiveCfg = Release|x86
		{55808AF4-465F-49C0-976A-1219EDC10269}.Release|x86.Build.0 = Release|x86
		{A0025E76-E6F2-49E1-8732-19603A5CECD8}.Debug|Any CPU.ActiveCfg = Debug|x86
		{A0025E76-E6F2-49E1-8732-19603A5CECD8}.Debug|ARM.ActiveCfg = Debug|ARM
		{A0025E76-E6F2-49E1-8732-19603A5CECD8}.Debug|ARM.Build.0 = Debug|ARM
		{A0025E76-E6F2-49E1-8732-19603A5CECD8}.Debug|ARM.Deploy.0 = Debug|ARM
		{A0025E76-E6F2-49E1-8732-19603A5CECD8}.Debug|x64.ActiveCfg = Debug|x64
		{A0025E76-E6F2-49E1-8732-19603A5CECD8}.Debug|x64.Build.0 = Debug|x64
		{A0025E76-E6F2-49E1-8732-19603A5CECD8}.Debug|x64.Deploy.0 = Debug|x64
		{A0025E76-E6F2-49E1-8732-19603A5CECD8}.Debug|x86.ActiveCfg = Debug|x86
		{A0025E76-E6F2-49E1-8732-19603A5CECD8}.Debug|x86.Build.0 = Debug|x86
		{A0025E76-E6F2-49E1-8732-19603A5CECD8}.Debug|x86.Deploy.0 = Debug|x86
		{A0025E76-E6F2-49E1-8732-19603A5CECD8}.Release|Any CPU.ActiveCfg = Release|x86
		{A0025E76-E6F2-49E1-8732-19603A5CECD8}.Release|Any CPU.Build.0 = Release|x86
		{A0025E76-E6F2-49E1-8732-19603A5CECD8}.Release|Any CPU.Deploy.0 = Release|x86
		{A0025E76-E6F2-49E1-8732-19603A5CECD8}.Release|ARM.ActiveCfg = Release|ARM
		{A0025E76-E6F2-49E1-8732-19603A5CECD8}.Release|ARM.Build.0 = Release|ARM
		{A0025E76-E6F2-49E1-8732-19603A5CECD8}.Release|ARM.Deploy.0 = Release|ARM
		{A0025E76-E6F2-49E1-8732-19603A5CECD8}.Release|x64.ActiveCfg = Release|x64
		{A0025E76-E6F2-49E1-8732-19603A5CECD8}.Release|x64.Build.0 = Release|x64
		{A0025E76-E6F2-49E1-8732-19603A5CECD8}.Release|x64.Deploy.0 = Release|x64
		{A0025E76-E6F2-49E1-8732-19603A5CECD8}.Release|x86.ActiveCfg = Release|x86
		{A0025E76-E6F2-49E1-8732-19603A5CECD8}.Release|x86.Build.0 = Release|x86
		{A0025E76-E6F2-49E1-8732-19603A5CECD8}.Release|x86.Deploy.0 = Release|x86
		{17AF241C-AD03-4BF2-9D16-AB0277691C46}.Debug|Any CPU.ActiveCfg = Debug|Win32
		{17AF241C-AD03-4BF2-9D16-AB0277691C46}.Debug|ARM.ActiveCfg = Debug|ARM
		{17AF241C-AD03-4BF2-9D16-AB0277691C46}.Debug|ARM.Build.0 = Debug|ARM
		{17AF241C-AD03-4BF2-9D16-AB0277691C46}.Debug|x64.ActiveCfg = Debug|x64
		{17AF241C-AD03-4BF2-9D16-AB0277691C46}.Debug|x64.Build.0 = Debug|x64
		{17AF241C-AD03-4BF2-9D16-AB0277691C46}.Debug|x86.ActiveCfg = Debug|Win32
		{17AF241C-AD03-4BF2-9D16-AB0277691C46}.Debug|x86.Build.0 = Debug|Win32
		{17AF241C-AD03-4BF2-9D16-AB0277691C46}.Release|Any CPU.ActiveCfg = Release|Win32
		{17AF241C-AD03-4BF2-9D16-AB0277691C46}.Release|ARM.ActiveCfg = Release|ARM
		{17AF241C-AD03-4BF2-9D16-AB0277691C46}.Release|ARM.Build.0 = Release|ARM
		{17AF241C-AD03-4BF2-9D16-AB0277691C46}.Release|x64.ActiveCfg = Release|x64
		{17AF241C-AD03-4BF2-9D16-AB0277691C46}.Release|x64.Build.0 = Release|x64
		{17AF241C-AD03-4BF2-9D16-AB0277691C46}.Release|x86.ActiveCfg = Release|Win32
		{17AF241C-AD03-4BF2-9D16-AB0277691C46}.Release|x86.Build.0 = Release|Win32
	EndGlobalSection
	GlobalSection(SolutionProperties) = preSolution
		HideSolutionNode = FALSE
	EndGlobalSection
	GlobalSection(NestedProjects) = preSolution
		{7BFEF23D-1F0B-4A0F-86E2-FD299F3E9E20} = {04FFB03E-0EA2-413B-A766-FE4432E039C0}
		{9294B61E-C58B-4F47-8EBF-30C773509EF0} = {04FFB03E-0EA2-413B-A766-FE4432E039C0}
		{2E653FA6-5C65-4E39-8478-DF60131C4FFC} = {04FFB03E-0EA2-413B-A766-FE4432E039C0}
		{C45CF658-BC2A-4833-9117-04FA96842B6F} = {04FFB03E-0EA2-413B-A766-FE4432E039C0}
		{CF6BB03B-7319-4F5B-9D3F-00D63C755C6D} = {04FFB03E-0EA2-413B-A766-FE4432E039C0}
	EndGlobalSection
	GlobalSection(ExtensibilityGlobals) = postSolution
		SolutionGuid = {90D72471-83E0-446E-804A-A72711A3B1B9}
	EndGlobalSection
EndGlobal
