
Microsoft Visual Studio Solution File, Format Version 12.00
# Visual Studio 14
VisualStudioVersion = 14.0.25420.1
MinimumVisualStudioVersion = 10.0.40219.1
Project("{FAE04EC0-301F-11D3-BF4B-00C04F79EFBC}") = "DSA.Shell", "DSA\DSA.Shell.csproj", "{072B0F41-B0A5-416A-BD10-7C57832CD8A0}"
EndProject
Project("{FAE04EC0-301F-11D3-BF4B-00C04F79EFBC}") = "DSA.Model", "DSA.Model\DSA.Model.csproj", "{5FACCE42-A3AF-49E6-A99F-F74B8CC9589F}"
EndProject
Project("{2150E333-8FDC-42A3-9474-1A3956D46DE8}") = "SfdcMobileSDK", "SfdcMobileSDK", "{88D490BD-79E0-43A9-9B81-42E453B61828}"
EndProject
Project("{FAE04EC0-301F-11D3-BF4B-00C04F79EFBC}") = "Salesforce.SDK.Core", "Salesforce.SDK.Core\Salesforce.SDK.Core.csproj", "{CD53C7B7-C3FF-4982-935B-22FB096CD559}"
EndProject
Project("{FAE04EC0-301F-11D3-BF4B-00C04F79EFBC}") = "Salesforce.SDK.App", "Salesforce.SDK.App\Salesforce.SDK.App.csproj", "{B1D32173-8770-45B7-AEE8-1F29AF8CDC87}"
EndProject
Project("{FAE04EC0-301F-11D3-BF4B-00C04F79EFBC}") = "Salesforce.SDK.SmartStore", "Salesforce.SDK.SmartStore\Salesforce.SDK.SmartStore.csproj", "{E0838498-6201-4040-B4F1-A2D0C02405A6}"
EndProject
Project("{FAE04EC0-301F-11D3-BF4B-00C04F79EFBC}") = "Salesforce.SDK.SmartSync", "Salesforce.SDK.SmartSync\Salesforce.SDK.SmartSync.csproj", "{923DCD08-E0AF-4214-86B0-86E37851046B}"
EndProject
Project("{FAE04EC0-301F-11D3-BF4B-00C04F79EFBC}") = "Salesforce.SDK.Store", "Salesforce.SDK.Store\Salesforce.SDK.Store.csproj", "{A107BCC2-EC81-4A4F-8EA2-AA742AFE0F01}"
EndProject
Project("{8BC9CEB8-8B4A-11D0-8D11-00A0C91BC942}") = "PdfViewModel", "PdfViewModel\PdfViewModel.vcxproj", "{03EBAB56-27D7-4273-972D-635FF5500FE4}"
EndProject
Project("{FAE04EC0-301F-11D3-BF4B-00C04F79EFBC}") = "DSA.Data", "DSA.Data\DSA.Data.csproj", "{06A873B9-EC0E-4543-98F8-C8E45DFA1C90}"
EndProject
Project("{FAE04EC0-301F-11D3-BF4B-00C04F79EFBC}") = "DSA.Sfdc", "DSA.Sfdc\DSA.Sfdc.csproj", "{DEB040CA-597E-4D07-90A7-581FE3E8E2F7}"
EndProject
Project("{FAE04EC0-301F-11D3-BF4B-00C04F79EFBC}") = "DSA.Common", "DSA.Common\DSA.Common.csproj", "{BC3E59B0-0CC3-4CBD-9FB8-55F90E450278}"
EndProject
Project("{2150E333-8FDC-42A3-9474-1A3956D46DE8}") = "Solution Items", "Solution Items", "{EFA1845E-E3A2-4EF2-B035-CE1BEA9165E0}"
	ProjectSection(SolutionItems) = preProject
		Performance1.psess = Performance1.psess
	EndProjectSection
EndProject
Global
	GlobalSection(Performance) = preSolution
		HasPerformanceSessions = true
	EndGlobalSection
	GlobalSection(SolutionConfigurationPlatforms) = preSolution
		Debug|Any CPU = Debug|Any CPU
		Debug|ARM = Debug|ARM
		Debug|x64 = Debug|x64
		Debug|x86 = Debug|x86
		Release|Any CPU = Release|Any CPU
		Release|ARM = Release|ARM
		Release|x64 = Release|x64
		Release|x86 = Release|x86
	EndGlobalSection
	GlobalSection(ProjectConfigurationPlatforms) = postSolution
		{072B0F41-B0A5-416A-BD10-7C57832CD8A0}.Debug|Any CPU.ActiveCfg = Debug|x86
		{072B0F41-B0A5-416A-BD10-7C57832CD8A0}.Debug|Any CPU.Build.0 = Debug|x86
		{072B0F41-B0A5-416A-BD10-7C57832CD8A0}.Debug|Any CPU.Deploy.0 = Debug|x86
		{072B0F41-B0A5-416A-BD10-7C57832CD8A0}.Debug|ARM.ActiveCfg = Debug|ARM
		{072B0F41-B0A5-416A-BD10-7C57832CD8A0}.Debug|ARM.Build.0 = Debug|ARM
		{072B0F41-B0A5-416A-BD10-7C57832CD8A0}.Debug|ARM.Deploy.0 = Debug|ARM
		{072B0F41-B0A5-416A-BD10-7C57832CD8A0}.Debug|x64.ActiveCfg = Debug|x64
		{072B0F41-B0A5-416A-BD10-7C57832CD8A0}.Debug|x64.Build.0 = Debug|x64
		{072B0F41-B0A5-416A-BD10-7C57832CD8A0}.Debug|x64.Deploy.0 = Debug|x64
		{072B0F41-B0A5-416A-BD10-7C57832CD8A0}.Debug|x86.ActiveCfg = Debug|x86
		{072B0F41-B0A5-416A-BD10-7C57832CD8A0}.Debug|x86.Build.0 = Debug|x86
		{072B0F41-B0A5-416A-BD10-7C57832CD8A0}.Debug|x86.Deploy.0 = Debug|x86
		{072B0F41-B0A5-416A-BD10-7C57832CD8A0}.Release|Any CPU.ActiveCfg = Release|Any CPU
		{072B0F41-B0A5-416A-BD10-7C57832CD8A0}.Release|Any CPU.Build.0 = Release|Any CPU
		{072B0F41-B0A5-416A-BD10-7C57832CD8A0}.Release|Any CPU.Deploy.0 = Release|Any CPU
		{072B0F41-B0A5-416A-BD10-7C57832CD8A0}.Release|ARM.ActiveCfg = Release|ARM
		{072B0F41-B0A5-416A-BD10-7C57832CD8A0}.Release|ARM.Build.0 = Release|ARM
		{072B0F41-B0A5-416A-BD10-7C57832CD8A0}.Release|ARM.Deploy.0 = Release|ARM
		{072B0F41-B0A5-416A-BD10-7C57832CD8A0}.Release|x64.ActiveCfg = Release|x64
		{072B0F41-B0A5-416A-BD10-7C57832CD8A0}.Release|x64.Build.0 = Release|x64
		{072B0F41-B0A5-416A-BD10-7C57832CD8A0}.Release|x64.Deploy.0 = Release|x64
		{072B0F41-B0A5-416A-BD10-7C57832CD8A0}.Release|x86.ActiveCfg = Release|x86
		{072B0F41-B0A5-416A-BD10-7C57832CD8A0}.Release|x86.Build.0 = Release|x86
		{072B0F41-B0A5-416A-BD10-7C57832CD8A0}.Release|x86.Deploy.0 = Release|x86
		{5FACCE42-A3AF-49E6-A99F-F74B8CC9589F}.Debug|Any CPU.ActiveCfg = Debug|Any CPU
		{5FACCE42-A3AF-49E6-A99F-F74B8CC9589F}.Debug|Any CPU.Build.0 = Debug|Any CPU
		{5FACCE42-A3AF-49E6-A99F-F74B8CC9589F}.Debug|ARM.ActiveCfg = Debug|ARM
		{5FACCE42-A3AF-49E6-A99F-F74B8CC9589F}.Debug|ARM.Build.0 = Debug|ARM
		{5FACCE42-A3AF-49E6-A99F-F74B8CC9589F}.Debug|x64.ActiveCfg = Debug|x64
		{5FACCE42-A3AF-49E6-A99F-F74B8CC9589F}.Debug|x64.Build.0 = Debug|x64
		{5FACCE42-A3AF-49E6-A99F-F74B8CC9589F}.Debug|x86.ActiveCfg = Debug|x86
		{5FACCE42-A3AF-49E6-A99F-F74B8CC9589F}.Debug|x86.Build.0 = Debug|x86
		{5FACCE42-A3AF-49E6-A99F-F74B8CC9589F}.Release|Any CPU.ActiveCfg = Release|Any CPU
		{5FACCE42-A3AF-49E6-A99F-F74B8CC9589F}.Release|Any CPU.Build.0 = Release|Any CPU
		{5FACCE42-A3AF-49E6-A99F-F74B8CC9589F}.Release|ARM.ActiveCfg = Release|ARM
		{5FACCE42-A3AF-49E6-A99F-F74B8CC9589F}.Release|ARM.Build.0 = Release|ARM
		{5FACCE42-A3AF-49E6-A99F-F74B8CC9589F}.Release|x64.ActiveCfg = Release|x64
		{5FACCE42-A3AF-49E6-A99F-F74B8CC9589F}.Release|x64.Build.0 = Release|x64
		{5FACCE42-A3AF-49E6-A99F-F74B8CC9589F}.Release|x86.ActiveCfg = Release|x86
		{5FACCE42-A3AF-49E6-A99F-F74B8CC9589F}.Release|x86.Build.0 = Release|x86
		{CD53C7B7-C3FF-4982-935B-22FB096CD559}.Debug|Any CPU.ActiveCfg = Debug|Any CPU
		{CD53C7B7-C3FF-4982-935B-22FB096CD559}.Debug|Any CPU.Build.0 = Debug|Any CPU
		{CD53C7B7-C3FF-4982-935B-22FB096CD559}.Debug|ARM.ActiveCfg = Debug|Any CPU
		{CD53C7B7-C3FF-4982-935B-22FB096CD559}.Debug|ARM.Build.0 = Debug|Any CPU
		{CD53C7B7-C3FF-4982-935B-22FB096CD559}.Debug|x64.ActiveCfg = Debug|Any CPU
		{CD53C7B7-C3FF-4982-935B-22FB096CD559}.Debug|x64.Build.0 = Debug|Any CPU
		{CD53C7B7-C3FF-4982-935B-22FB096CD559}.Debug|x86.ActiveCfg = Debug|Any CPU
		{CD53C7B7-C3FF-4982-935B-22FB096CD559}.Debug|x86.Build.0 = Debug|Any CPU
		{CD53C7B7-C3FF-4982-935B-22FB096CD559}.Release|Any CPU.ActiveCfg = Release|Any CPU
		{CD53C7B7-C3FF-4982-935B-22FB096CD559}.Release|Any CPU.Build.0 = Release|Any CPU
		{CD53C7B7-C3FF-4982-935B-22FB096CD559}.Release|ARM.ActiveCfg = Release|Any CPU
		{CD53C7B7-C3FF-4982-935B-22FB096CD559}.Release|ARM.Build.0 = Release|Any CPU
		{CD53C7B7-C3FF-4982-935B-22FB096CD559}.Release|x64.ActiveCfg = Release|Any CPU
		{CD53C7B7-C3FF-4982-935B-22FB096CD559}.Release|x64.Build.0 = Release|Any CPU
		{CD53C7B7-C3FF-4982-935B-22FB096CD559}.Release|x86.ActiveCfg = Release|Any CPU
		{CD53C7B7-C3FF-4982-935B-22FB096CD559}.Release|x86.Build.0 = Release|Any CPU
		{B1D32173-8770-45B7-AEE8-1F29AF8CDC87}.Debug|Any CPU.ActiveCfg = Debug|Any CPU
		{B1D32173-8770-45B7-AEE8-1F29AF8CDC87}.Debug|Any CPU.Build.0 = Debug|Any CPU
		{B1D32173-8770-45B7-AEE8-1F29AF8CDC87}.Debug|ARM.ActiveCfg = Debug|Any CPU
		{B1D32173-8770-45B7-AEE8-1F29AF8CDC87}.Debug|ARM.Build.0 = Debug|Any CPU
		{B1D32173-8770-45B7-AEE8-1F29AF8CDC87}.Debug|x64.ActiveCfg = Debug|Any CPU
		{B1D32173-8770-45B7-AEE8-1F29AF8CDC87}.Debug|x64.Build.0 = Debug|Any CPU
		{B1D32173-8770-45B7-AEE8-1F29AF8CDC87}.Debug|x86.ActiveCfg = Debug|Any CPU
		{B1D32173-8770-45B7-AEE8-1F29AF8CDC87}.Debug|x86.Build.0 = Debug|Any CPU
		{B1D32173-8770-45B7-AEE8-1F29AF8CDC87}.Release|Any CPU.ActiveCfg = Release|Any CPU
		{B1D32173-8770-45B7-AEE8-1F29AF8CDC87}.Release|Any CPU.Build.0 = Release|Any CPU
		{B1D32173-8770-45B7-AEE8-1F29AF8CDC87}.Release|ARM.ActiveCfg = Release|Any CPU
		{B1D32173-8770-45B7-AEE8-1F29AF8CDC87}.Release|ARM.Build.0 = Release|Any CPU
		{B1D32173-8770-45B7-AEE8-1F29AF8CDC87}.Release|x64.ActiveCfg = Release|Any CPU
		{B1D32173-8770-45B7-AEE8-1F29AF8CDC87}.Release|x64.Build.0 = Release|Any CPU
		{B1D32173-8770-45B7-AEE8-1F29AF8CDC87}.Release|x86.ActiveCfg = Release|Any CPU
		{B1D32173-8770-45B7-AEE8-1F29AF8CDC87}.Release|x86.Build.0 = Release|Any CPU
		{E0838498-6201-4040-B4F1-A2D0C02405A6}.Debug|Any CPU.ActiveCfg = Debug|Any CPU
		{E0838498-6201-4040-B4F1-A2D0C02405A6}.Debug|Any CPU.Build.0 = Debug|Any CPU
		{E0838498-6201-4040-B4F1-A2D0C02405A6}.Debug|ARM.ActiveCfg = Debug|Any CPU
		{E0838498-6201-4040-B4F1-A2D0C02405A6}.Debug|ARM.Build.0 = Debug|Any CPU
		{E0838498-6201-4040-B4F1-A2D0C02405A6}.Debug|x64.ActiveCfg = Debug|Any CPU
		{E0838498-6201-4040-B4F1-A2D0C02405A6}.Debug|x64.Build.0 = Debug|Any CPU
		{E0838498-6201-4040-B4F1-A2D0C02405A6}.Debug|x86.ActiveCfg = Debug|Any CPU
		{E0838498-6201-4040-B4F1-A2D0C02405A6}.Debug|x86.Build.0 = Debug|Any CPU
		{E0838498-6201-4040-B4F1-A2D0C02405A6}.Release|Any CPU.ActiveCfg = Release|Any CPU
		{E0838498-6201-4040-B4F1-A2D0C02405A6}.Release|Any CPU.Build.0 = Release|Any CPU
		{E0838498-6201-4040-B4F1-A2D0C02405A6}.Release|ARM.ActiveCfg = Release|Any CPU
		{E0838498-6201-4040-B4F1-A2D0C02405A6}.Release|ARM.Build.0 = Release|Any CPU
		{E0838498-6201-4040-B4F1-A2D0C02405A6}.Release|x64.ActiveCfg = Release|Any CPU
		{E0838498-6201-4040-B4F1-A2D0C02405A6}.Release|x64.Build.0 = Release|Any CPU
		{E0838498-6201-4040-B4F1-A2D0C02405A6}.Release|x86.ActiveCfg = Release|Any CPU
		{E0838498-6201-4040-B4F1-A2D0C02405A6}.Release|x86.Build.0 = Release|Any CPU
		{923DCD08-E0AF-4214-86B0-86E37851046B}.Debug|Any CPU.ActiveCfg = Debug|Any CPU
		{923DCD08-E0AF-4214-86B0-86E37851046B}.Debug|Any CPU.Build.0 = Debug|Any CPU
		{923DCD08-E0AF-4214-86B0-86E37851046B}.Debug|ARM.ActiveCfg = Debug|Any CPU
		{923DCD08-E0AF-4214-86B0-86E37851046B}.Debug|ARM.Build.0 = Debug|Any CPU
		{923DCD08-E0AF-4214-86B0-86E37851046B}.Debug|x64.ActiveCfg = Debug|Any CPU
		{923DCD08-E0AF-4214-86B0-86E37851046B}.Debug|x64.Build.0 = Debug|Any CPU
		{923DCD08-E0AF-4214-86B0-86E37851046B}.Debug|x86.ActiveCfg = Debug|Any CPU
		{923DCD08-E0AF-4214-86B0-86E37851046B}.Debug|x86.Build.0 = Debug|Any CPU
		{923DCD08-E0AF-4214-86B0-86E37851046B}.Release|Any CPU.ActiveCfg = Release|Any CPU
		{923DCD08-E0AF-4214-86B0-86E37851046B}.Release|Any CPU.Build.0 = Release|Any CPU
		{923DCD08-E0AF-4214-86B0-86E37851046B}.Release|ARM.ActiveCfg = Release|Any CPU
		{923DCD08-E0AF-4214-86B0-86E37851046B}.Release|ARM.Build.0 = Release|Any CPU
		{923DCD08-E0AF-4214-86B0-86E37851046B}.Release|x64.ActiveCfg = Release|Any CPU
		{923DCD08-E0AF-4214-86B0-86E37851046B}.Release|x64.Build.0 = Release|Any CPU
		{923DCD08-E0AF-4214-86B0-86E37851046B}.Release|x86.ActiveCfg = Release|Any CPU
		{923DCD08-E0AF-4214-86B0-86E37851046B}.Release|x86.Build.0 = Release|Any CPU
		{A107BCC2-EC81-4A4F-8EA2-AA742AFE0F01}.Debug|Any CPU.ActiveCfg = Debug|Any CPU
		{A107BCC2-EC81-4A4F-8EA2-AA742AFE0F01}.Debug|Any CPU.Build.0 = Debug|Any CPU
		{A107BCC2-EC81-4A4F-8EA2-AA742AFE0F01}.Debug|ARM.ActiveCfg = Debug|ARM
		{A107BCC2-EC81-4A4F-8EA2-AA742AFE0F01}.Debug|ARM.Build.0 = Debug|ARM
		{A107BCC2-EC81-4A4F-8EA2-AA742AFE0F01}.Debug|x64.ActiveCfg = Debug|x64
		{A107BCC2-EC81-4A4F-8EA2-AA742AFE0F01}.Debug|x64.Build.0 = Debug|x64
		{A107BCC2-EC81-4A4F-8EA2-AA742AFE0F01}.Debug|x86.ActiveCfg = Debug|x86
		{A107BCC2-EC81-4A4F-8EA2-AA742AFE0F01}.Debug|x86.Build.0 = Debug|x86
		{A107BCC2-EC81-4A4F-8EA2-AA742AFE0F01}.Release|Any CPU.ActiveCfg = Release|Any CPU
		{A107BCC2-EC81-4A4F-8EA2-AA742AFE0F01}.Release|Any CPU.Build.0 = Release|Any CPU
		{A107BCC2-EC81-4A4F-8EA2-AA742AFE0F01}.Release|ARM.ActiveCfg = Release|ARM
		{A107BCC2-EC81-4A4F-8EA2-AA742AFE0F01}.Release|ARM.Build.0 = Release|ARM
		{A107BCC2-EC81-4A4F-8EA2-AA742AFE0F01}.Release|x64.ActiveCfg = Release|x64
		{A107BCC2-EC81-4A4F-8EA2-AA742AFE0F01}.Release|x64.Build.0 = Release|x64
		{A107BCC2-EC81-4A4F-8EA2-AA742AFE0F01}.Release|x86.ActiveCfg = Release|x86
		{A107BCC2-EC81-4A4F-8EA2-AA742AFE0F01}.Release|x86.Build.0 = Release|x86
		{03EBAB56-27D7-4273-972D-635FF5500FE4}.Debug|Any CPU.ActiveCfg = Debug|Win32
		{03EBAB56-27D7-4273-972D-635FF5500FE4}.Debug|Any CPU.Build.0 = Debug|Win32
		{03EBAB56-27D7-4273-972D-635FF5500FE4}.Debug|ARM.ActiveCfg = Debug|ARM
		{03EBAB56-27D7-4273-972D-635FF5500FE4}.Debug|ARM.Build.0 = Debug|ARM
		{03EBAB56-27D7-4273-972D-635FF5500FE4}.Debug|x64.ActiveCfg = Debug|x64
		{03EBAB56-27D7-4273-972D-635FF5500FE4}.Debug|x64.Build.0 = Debug|x64
		{03EBAB56-27D7-4273-972D-635FF5500FE4}.Debug|x86.ActiveCfg = Debug|Win32
		{03EBAB56-27D7-4273-972D-635FF5500FE4}.Release|Any CPU.ActiveCfg = Release|Win32
		{03EBAB56-27D7-4273-972D-635FF5500FE4}.Release|ARM.ActiveCfg = Release|ARM
		{03EBAB56-27D7-4273-972D-635FF5500FE4}.Release|ARM.Build.0 = Release|ARM
		{03EBAB56-27D7-4273-972D-635FF5500FE4}.Release|x64.ActiveCfg = Release|x64
		{03EBAB56-27D7-4273-972D-635FF5500FE4}.Release|x64.Build.0 = Release|x64
		{03EBAB56-27D7-4273-972D-635FF5500FE4}.Release|x86.ActiveCfg = Release|Win32
		{03EBAB56-27D7-4273-972D-635FF5500FE4}.Release|x86.Build.0 = Release|Win32
		{06A873B9-EC0E-4543-98F8-C8E45DFA1C90}.Debug|Any CPU.ActiveCfg = Debug|x86
		{06A873B9-EC0E-4543-98F8-C8E45DFA1C90}.Debug|Any CPU.Build.0 = Debug|x86
		{06A873B9-EC0E-4543-98F8-C8E45DFA1C90}.Debug|ARM.ActiveCfg = Debug|ARM
		{06A873B9-EC0E-4543-98F8-C8E45DFA1C90}.Debug|ARM.Build.0 = Debug|ARM
		{06A873B9-EC0E-4543-98F8-C8E45DFA1C90}.Debug|x64.ActiveCfg = Debug|x64
		{06A873B9-EC0E-4543-98F8-C8E45DFA1C90}.Debug|x64.Build.0 = Debug|x64
		{06A873B9-EC0E-4543-98F8-C8E45DFA1C90}.Debug|x86.ActiveCfg = Debug|x86
		{06A873B9-EC0E-4543-98F8-C8E45DFA1C90}.Debug|x86.Build.0 = Debug|x86
		{06A873B9-EC0E-4543-98F8-C8E45DFA1C90}.Release|Any CPU.ActiveCfg = Release|Any CPU
		{06A873B9-EC0E-4543-98F8-C8E45DFA1C90}.Release|Any CPU.Build.0 = Release|Any CPU
		{06A873B9-EC0E-4543-98F8-C8E45DFA1C90}.Release|ARM.ActiveCfg = Release|ARM
		{06A873B9-EC0E-4543-98F8-C8E45DFA1C90}.Release|ARM.Build.0 = Release|ARM
		{06A873B9-EC0E-4543-98F8-C8E45DFA1C90}.Release|x64.ActiveCfg = Release|x64
		{06A873B9-EC0E-4543-98F8-C8E45DFA1C90}.Release|x64.Build.0 = Release|x64
		{06A873B9-EC0E-4543-98F8-C8E45DFA1C90}.Release|x86.ActiveCfg = Release|x86
		{06A873B9-EC0E-4543-98F8-C8E45DFA1C90}.Release|x86.Build.0 = Release|x86
		{DEB040CA-597E-4D07-90A7-581FE3E8E2F7}.Debug|Any CPU.ActiveCfg = Debug|x86
		{DEB040CA-597E-4D07-90A7-581FE3E8E2F7}.Debug|Any CPU.Build.0 = Debug|x86
		{DEB040CA-597E-4D07-90A7-581FE3E8E2F7}.Debug|ARM.ActiveCfg = Debug|ARM
		{DEB040CA-597E-4D07-90A7-581FE3E8E2F7}.Debug|ARM.Build.0 = Debug|ARM
		{DEB040CA-597E-4D07-90A7-581FE3E8E2F7}.Debug|x64.ActiveCfg = Debug|x64
		{DEB040CA-597E-4D07-90A7-581FE3E8E2F7}.Debug|x64.Build.0 = Debug|x64
		{DEB040CA-597E-4D07-90A7-581FE3E8E2F7}.Debug|x86.ActiveCfg = Debug|x86
		{DEB040CA-597E-4D07-90A7-581FE3E8E2F7}.Debug|x86.Build.0 = Debug|x86
		{DEB040CA-597E-4D07-90A7-581FE3E8E2F7}.Release|Any CPU.ActiveCfg = Release|Any CPU
		{DEB040CA-597E-4D07-90A7-581FE3E8E2F7}.Release|Any CPU.Build.0 = Release|Any CPU
		{DEB040CA-597E-4D07-90A7-581FE3E8E2F7}.Release|ARM.ActiveCfg = Release|ARM
		{DEB040CA-597E-4D07-90A7-581FE3E8E2F7}.Release|ARM.Build.0 = Release|ARM
		{DEB040CA-597E-4D07-90A7-581FE3E8E2F7}.Release|x64.ActiveCfg = Release|x64
		{DEB040CA-597E-4D07-90A7-581FE3E8E2F7}.Release|x64.Build.0 = Release|x64
		{DEB040CA-597E-4D07-90A7-581FE3E8E2F7}.Release|x86.ActiveCfg = Release|x86
		{DEB040CA-597E-4D07-90A7-581FE3E8E2F7}.Release|x86.Build.0 = Release|x86
		{BC3E59B0-0CC3-4CBD-9FB8-55F90E450278}.Debug|Any CPU.ActiveCfg = Debug|Any CPU
		{BC3E59B0-0CC3-4CBD-9FB8-55F90E450278}.Debug|Any CPU.Build.0 = Debug|Any CPU
		{BC3E59B0-0CC3-4CBD-9FB8-55F90E450278}.Debug|ARM.ActiveCfg = Debug|ARM
		{BC3E59B0-0CC3-4CBD-9FB8-55F90E450278}.Debug|ARM.Build.0 = Debug|ARM
		{BC3E59B0-0CC3-4CBD-9FB8-55F90E450278}.Debug|x64.ActiveCfg = Debug|x64
		{BC3E59B0-0CC3-4CBD-9FB8-55F90E450278}.Debug|x64.Build.0 = Debug|x64
		{BC3E59B0-0CC3-4CBD-9FB8-55F90E450278}.Debug|x86.ActiveCfg = Debug|x86
		{BC3E59B0-0CC3-4CBD-9FB8-55F90E450278}.Debug|x86.Build.0 = Debug|x86
		{BC3E59B0-0CC3-4CBD-9FB8-55F90E450278}.Release|Any CPU.ActiveCfg = Release|Any CPU
		{BC3E59B0-0CC3-4CBD-9FB8-55F90E450278}.Release|Any CPU.Build.0 = Release|Any CPU
		{BC3E59B0-0CC3-4CBD-9FB8-55F90E450278}.Release|ARM.ActiveCfg = Release|ARM
		{BC3E59B0-0CC3-4CBD-9FB8-55F90E450278}.Release|ARM.Build.0 = Release|ARM
		{BC3E59B0-0CC3-4CBD-9FB8-55F90E450278}.Release|x64.ActiveCfg = Release|x64
		{BC3E59B0-0CC3-4CBD-9FB8-55F90E450278}.Release|x64.Build.0 = Release|x64
		{BC3E59B0-0CC3-4CBD-9FB8-55F90E450278}.Release|x86.ActiveCfg = Release|x86
		{BC3E59B0-0CC3-4CBD-9FB8-55F90E450278}.Release|x86.Build.0 = Release|x86
	EndGlobalSection
	GlobalSection(SolutionProperties) = preSolution
		HideSolutionNode = FALSE
	EndGlobalSection
	GlobalSection(NestedProjects) = preSolution
		{CD53C7B7-C3FF-4982-935B-22FB096CD559} = {88D490BD-79E0-43A9-9B81-42E453B61828}
		{B1D32173-8770-45B7-AEE8-1F29AF8CDC87} = {88D490BD-79E0-43A9-9B81-42E453B61828}
		{E0838498-6201-4040-B4F1-A2D0C02405A6} = {88D490BD-79E0-43A9-9B81-42E453B61828}
		{923DCD08-E0AF-4214-86B0-86E37851046B} = {88D490BD-79E0-43A9-9B81-42E453B61828}
		{A107BCC2-EC81-4A4F-8EA2-AA742AFE0F01} = {88D490BD-79E0-43A9-9B81-42E453B61828}
	EndGlobalSection
EndGlobal
